// !$*UTF8*$!
{
	archiveVersion = 1;
	classes = {
	};
	objectVersion = 50;
	objects = {

/* Begin PBXBuildFile section */
		93065BC22268D40C0022E8BC /* customLabel.swift in Sources */ = {isa = PBXBuildFile; fileRef = 93065BC12268D40C0022E8BC /* customLabel.swift */; };
		93065BC82268E0950022E8BC /* AgeViewController.swift in Sources */ = {isa = PBXBuildFile; fileRef = 93065BC72268E0950022E8BC /* AgeViewController.swift */; };
		93253968226AC737007FFF37 /* ResultViewController.swift in Sources */ = {isa = PBXBuildFile; fileRef = 93253967226AC737007FFF37 /* ResultViewController.swift */; };
		932EEC8B226955EB00205181 /* GenderTableViewController.swift in Sources */ = {isa = PBXBuildFile; fileRef = 932EEC8A226955EB00205181 /* GenderTableViewController.swift */; };
		932EEC8D22696F2B00205181 /* StatusTableViewController.swift in Sources */ = {isa = PBXBuildFile; fileRef = 932EEC8C22696F2B00205181 /* StatusTableViewController.swift */; };
		934B896F22680F7A009934C9 /* AppDelegate.swift in Sources */ = {isa = PBXBuildFile; fileRef = 934B896E22680F7A009934C9 /* AppDelegate.swift */; };
		934B897122680F7A009934C9 /* ViewController.swift in Sources */ = {isa = PBXBuildFile; fileRef = 934B897022680F7A009934C9 /* ViewController.swift */; };
		934B897422680F7A009934C9 /* Main.storyboard in Resources */ = {isa = PBXBuildFile; fileRef = 934B897222680F7A009934C9 /* Main.storyboard */; };
		934B897622680F7B009934C9 /* Assets.xcassets in Resources */ = {isa = PBXBuildFile; fileRef = 934B897522680F7B009934C9 /* Assets.xcassets */; };
		934B897922680F7B009934C9 /* LaunchScreen.storyboard in Resources */ = {isa = PBXBuildFile; fileRef = 934B897722680F7B009934C9 /* LaunchScreen.storyboard */; };
		934B89842268149E009934C9 /* Districts.plist in Resources */ = {isa = PBXBuildFile; fileRef = 934B89832268149E009934C9 /* Districts.plist */; };
		934B8986226814A5009934C9 /* Cities.plist in Resources */ = {isa = PBXBuildFile; fileRef = 934B8985226814A5009934C9 /* Cities.plist */; };
		934B8988226814B9009934C9 /* DataService.swift in Sources */ = {isa = PBXBuildFile; fileRef = 934B8987226814B9009934C9 /* DataService.swift */; };
		934B898A226814C4009934C9 /* City.swift in Sources */ = {isa = PBXBuildFile; fileRef = 934B8989226814C4009934C9 /* City.swift */; };
		934B898C226814CD009934C9 /* District.swift in Sources */ = {isa = PBXBuildFile; fileRef = 934B898B226814CD009934C9 /* District.swift */; };
		934B898F22681538009934C9 /* CityTableViewController.swift in Sources */ = {isa = PBXBuildFile; fileRef = 934B898E22681538009934C9 /* CityTableViewController.swift */; };
		934B899122681568009934C9 /* CustomTableViewCell.swift in Sources */ = {isa = PBXBuildFile; fileRef = 934B899022681568009934C9 /* CustomTableViewCell.swift */; };
/* End PBXBuildFile section */

/* Begin PBXFileReference section */
		93065BC12268D40C0022E8BC /* customLabel.swift */ = {isa = PBXFileReference; lastKnownFileType = sourcecode.swift; path = customLabel.swift; sourceTree = "<group>"; };
		93065BC72268E0950022E8BC /* AgeViewController.swift */ = {isa = PBXFileReference; lastKnownFileType = sourcecode.swift; path = AgeViewController.swift; sourceTree = "<group>"; };
		93253967226AC737007FFF37 /* ResultViewController.swift */ = {isa = PBXFileReference; lastKnownFileType = sourcecode.swift; path = ResultViewController.swift; sourceTree = "<group>"; };
		932EEC8A226955EB00205181 /* GenderTableViewController.swift */ = {isa = PBXFileReference; lastKnownFileType = sourcecode.swift; name = GenderTableViewController.swift; path = ../../GenderTableViewController.swift; sourceTree = "<group>"; };
		932EEC8C22696F2B00205181 /* StatusTableViewController.swift */ = {isa = PBXFileReference; lastKnownFileType = sourcecode.swift; path = StatusTableViewController.swift; sourceTree = "<group>"; };
		934B896B22680F7A009934C9 /* DemoManToManRegister.app */ = {isa = PBXFileReference; explicitFileType = wrapper.application; includeInIndex = 0; path = DemoManToManRegister.app; sourceTree = BUILT_PRODUCTS_DIR; };
		934B896E22680F7A009934C9 /* AppDelegate.swift */ = {isa = PBXFileReference; lastKnownFileType = sourcecode.swift; path = AppDelegate.swift; sourceTree = "<group>"; };
		934B897022680F7A009934C9 /* ViewController.swift */ = {isa = PBXFileReference; lastKnownFileType = sourcecode.swift; path = ViewController.swift; sourceTree = "<group>"; };
		934B897322680F7A009934C9 /* Base */ = {isa = PBXFileReference; lastKnownFileType = file.storyboard; name = Base; path = Base.lproj/Main.storyboard; sourceTree = "<group>"; };
		934B897522680F7B009934C9 /* Assets.xcassets */ = {isa = PBXFileReference; lastKnownFileType = folder.assetcatalog; path = Assets.xcassets; sourceTree = "<group>"; };
		934B897822680F7B009934C9 /* Base */ = {isa = PBXFileReference; lastKnownFileType = file.storyboard; name = Base; path = Base.lproj/LaunchScreen.storyboard; sourceTree = "<group>"; };
		934B897A22680F7B009934C9 /* Info.plist */ = {isa = PBXFileReference; lastKnownFileType = text.plist.xml; path = Info.plist; sourceTree = "<group>"; };
		934B89832268149E009934C9 /* Districts.plist */ = {isa = PBXFileReference; fileEncoding = 4; lastKnownFileType = text.plist.xml; name = Districts.plist; path = ../../../Downloads/Districts.plist; sourceTree = "<group>"; };
		934B8985226814A5009934C9 /* Cities.plist */ = {isa = PBXFileReference; fileEncoding = 4; lastKnownFileType = text.plist.xml; name = Cities.plist; path = ../../../Downloads/Cities.plist; sourceTree = "<group>"; };
		934B8987226814B9009934C9 /* DataService.swift */ = {isa = PBXFileReference; lastKnownFileType = sourcecode.swift; path = DataService.swift; sourceTree = "<group>"; };
		934B8989226814C4009934C9 /* City.swift */ = {isa = PBXFileReference; lastKnownFileType = sourcecode.swift; path = City.swift; sourceTree = "<group>"; };
		934B898B226814CD009934C9 /* District.swift */ = {isa = PBXFileReference; lastKnownFileType = sourcecode.swift; path = District.swift; sourceTree = "<group>"; };
		934B898E22681538009934C9 /* CityTableViewController.swift */ = {isa = PBXFileReference; lastKnownFileType = sourcecode.swift; path = CityTableViewController.swift; sourceTree = "<group>"; };
		934B899022681568009934C9 /* CustomTableViewCell.swift */ = {isa = PBXFileReference; lastKnownFileType = sourcecode.swift; path = CustomTableViewCell.swift; sourceTree = "<group>"; };
/* End PBXFileReference section */

/* Begin PBXFrameworksBuildPhase section */
		934B896822680F7A009934C9 /* Frameworks */ = {
			isa = PBXFrameworksBuildPhase;
			buildActionMask = 2147483647;
			files = (
			);
			runOnlyForDeploymentPostprocessing = 0;
		};
/* End PBXFrameworksBuildPhase section */

/* Begin PBXGroup section */
		934B896222680F7A009934C9 = {
			isa = PBXGroup;
			children = (
				934B896D22680F7A009934C9 /* DemoManToManRegister */,
				934B896C22680F7A009934C9 /* Products */,
			);
			sourceTree = "<group>";
		};
		934B896C22680F7A009934C9 /* Products */ = {
			isa = PBXGroup;
			children = (
				934B896B22680F7A009934C9 /* DemoManToManRegister.app */,
			);
			name = Products;
			sourceTree = "<group>";
		};
		934B896D22680F7A009934C9 /* DemoManToManRegister */ = {
			isa = PBXGroup;
			children = (
				93CA2525226E9C4A0098BF6D /* View */,
				934B898022681431009934C9 /* Model */,
				934B898D2268151D009934C9 /* Controller */,
				934B896E22680F7A009934C9 /* AppDelegate.swift */,
				934B897222680F7A009934C9 /* Main.storyboard */,
				934B897722680F7B009934C9 /* LaunchScreen.storyboard */,
				934B897522680F7B009934C9 /* Assets.xcassets */,
				934B897A22680F7B009934C9 /* Info.plist */,
				934B89832268149E009934C9 /* Districts.plist */,
				934B8985226814A5009934C9 /* Cities.plist */,
			);
			path = DemoManToManRegister;
			sourceTree = "<group>";
		};
		934B898022681431009934C9 /* Model */ = {
			isa = PBXGroup;
			children = (
				934B8987226814B9009934C9 /* DataService.swift */,
				934B8989226814C4009934C9 /* City.swift */,
				934B898B226814CD009934C9 /* District.swift */,
			);
			path = Model;
			sourceTree = "<group>";
		};
		934B898D2268151D009934C9 /* Controller */ = {
			isa = PBXGroup;
			children = (
				934B897022680F7A009934C9 /* ViewController.swift */,
				934B898E22681538009934C9 /* CityTableViewController.swift */,
				932EEC8A226955EB00205181 /* GenderTableViewController.swift */,
				93065BC72268E0950022E8BC /* AgeViewController.swift */,
				932EEC8C22696F2B00205181 /* StatusTableViewController.swift */,
				93253967226AC737007FFF37 /* ResultViewController.swift */,
			);
			path = Controller;
			sourceTree = "<group>";
		};
		93CA2525226E9C4A0098BF6D /* View */ = {
			isa = PBXGroup;
			children = (
				934B899022681568009934C9 /* CustomTableViewCell.swift */,
				93065BC12268D40C0022E8BC /* customLabel.swift */,
			);
			path = View;
			sourceTree = "<group>";
		};
/* End PBXGroup section */

/* Begin PBXNativeTarget section */
		934B896A22680F7A009934C9 /* DemoManToManRegister */ = {
			isa = PBXNativeTarget;
			buildConfigurationList = 934B897D22680F7B009934C9 /* Build configuration list for PBXNativeTarget "DemoManToManRegister" */;
			buildPhases = (
				934B896722680F7A009934C9 /* Sources */,
				934B896822680F7A009934C9 /* Frameworks */,
				934B896922680F7A009934C9 /* Resources */,
			);
			buildRules = (
			);
			dependencies = (
			);
			name = DemoManToManRegister;
			productName = DemoManToManRegister;
			productReference = 934B896B22680F7A009934C9 /* DemoManToManRegister.app */;
			productType = "com.apple.product-type.application";
		};
/* End PBXNativeTarget section */

/* Begin PBXProject section */
		934B896322680F7A009934C9 /* Project object */ = {
			isa = PBXProject;
			attributes = {
				LastSwiftUpdateCheck = 0940;
				LastUpgradeCheck = 0940;
				ORGANIZATIONNAME = "Just Kidding";
				TargetAttributes = {
					934B896A22680F7A009934C9 = {
						CreatedOnToolsVersion = 9.4.1;
					};
				};
			};
			buildConfigurationList = 934B896622680F7A009934C9 /* Build configuration list for PBXProject "DemoManToManRegister" */;
			compatibilityVersion = "Xcode 9.3";
			developmentRegion = en;
			hasScannedForEncodings = 0;
			knownRegions = (
				en,
				Base,
			);
			mainGroup = 934B896222680F7A009934C9;
			productRefGroup = 934B896C22680F7A009934C9 /* Products */;
			projectDirPath = "";
			projectRoot = "";
			targets = (
				934B896A22680F7A009934C9 /* DemoManToManRegister */,
			);
		};
/* End PBXProject section */

/* Begin PBXResourcesBuildPhase section */
		934B896922680F7A009934C9 /* Resources */ = {
			isa = PBXResourcesBuildPhase;
			buildActionMask = 2147483647;
			files = (
				934B897922680F7B009934C9 /* LaunchScreen.storyboard in Resources */,
				934B897622680F7B009934C9 /* Assets.xcassets in Resources */,
				934B8986226814A5009934C9 /* Cities.plist in Resources */,
				934B89842268149E009934C9 /* Districts.plist in Resources */,
				934B897422680F7A009934C9 /* Main.storyboard in Resources */,
			);
			runOnlyForDeploymentPostprocessing = 0;
		};
/* End PBXResourcesBuildPhase section */

/* Begin PBXSourcesBuildPhase section */
		934B896722680F7A009934C9 /* Sources */ = {
			isa = PBXSourcesBuildPhase;
			buildActionMask = 2147483647;
			files = (
				934B898F22681538009934C9 /* CityTableViewController.swift in Sources */,
				93065BC82268E0950022E8BC /* AgeViewController.swift in Sources */,
				934B8988226814B9009934C9 /* DataService.swift in Sources */,
				932EEC8D22696F2B00205181 /* StatusTableViewController.swift in Sources */,
				934B898C226814CD009934C9 /* District.swift in Sources */,
				934B899122681568009934C9 /* CustomTableViewCell.swift in Sources */,
				934B897122680F7A009934C9 /* ViewController.swift in Sources */,
				932EEC8B226955EB00205181 /* GenderTableViewController.swift in Sources */,
				934B898A226814C4009934C9 /* City.swift in Sources */,
				934B896F22680F7A009934C9 /* AppDelegate.swift in Sources */,
				93065BC22268D40C0022E8BC /* customLabel.swift in Sources */,
				93253968226AC737007FFF37 /* ResultViewController.swift in Sources */,
			);
			runOnlyForDeploymentPostprocessing = 0;
		};
/* End PBXSourcesBuildPhase section */

/* Begin PBXVariantGroup section */
		934B897222680F7A009934C9 /* Main.storyboard */ = {
			isa = PBXVariantGroup;
			children = (
				934B897322680F7A009934C9 /* Base */,
			);
			name = Main.storyboard;
			sourceTree = "<group>";
		};
		934B897722680F7B009934C9 /* LaunchScreen.storyboard */ = {
			isa = PBXVariantGroup;
			children = (
				934B897822680F7B009934C9 /* Base */,
			);
			name = LaunchScreen.storyboard;
			sourceTree = "<group>";
		};
/* End PBXVariantGroup section */

/* Begin XCBuildConfiguration section */
		934B897B22680F7B009934C9 /* Debug */ = {
			isa = XCBuildConfiguration;
			buildSettings = {
				ALWAYS_SEARCH_USER_PATHS = NO;
				CLANG_ANALYZER_NONNULL = YES;
				CLANG_ANALYZER_NUMBER_OBJECT_CONVERSION = YES_AGGRESSIVE;
				CLANG_CXX_LANGUAGE_STANDARD = "gnu++14";
				CLANG_CXX_LIBRARY = "libc++";
				CLANG_ENABLE_MODULES = YES;
				CLANG_ENABLE_OBJC_ARC = YES;
				CLANG_ENABLE_OBJC_WEAK = YES;
				CLANG_WARN_BLOCK_CAPTURE_AUTORELEASING = YES;
				CLANG_WARN_BOOL_CONVERSION = YES;
				CLANG_WARN_COMMA = YES;
				CLANG_WARN_CONSTANT_CONVERSION = YES;
				CLANG_WARN_DEPRECATED_OBJC_IMPLEMENTATIONS = YES;
				CLANG_WARN_DIRECT_OBJC_ISA_USAGE = YES_ERROR;
				CLANG_WARN_DOCUMENTATION_COMMENTS = YES;
				CLANG_WARN_EMPTY_BODY = YES;
				CLANG_WARN_ENUM_CONVERSION = YES;
				CLANG_WARN_INFINITE_RECURSION = YES;
				CLANG_WARN_INT_CONVERSION = YES;
				CLANG_WARN_NON_LITERAL_NULL_CONVERSION = YES;
				CLANG_WARN_OBJC_IMPLICIT_RETAIN_SELF = YES;
				CLANG_WARN_OBJC_LITERAL_CONVERSION = YES;
				CLANG_WARN_OBJC_ROOT_CLASS = YES_ERROR;
				CLANG_WARN_RANGE_LOOP_ANALYSIS = YES;
				CLANG_WARN_STRICT_PROTOTYPES = YES;
				CLANG_WARN_SUSPICIOUS_MOVE = YES;
				CLANG_WARN_UNGUARDED_AVAILABILITY = YES_AGGRESSIVE;
				CLANG_WARN_UNREACHABLE_CODE = YES;
				CLANG_WARN__DUPLICATE_METHOD_MATCH = YES;
				CODE_SIGN_IDENTITY = "iPhone Developer";
				COPY_PHASE_STRIP = NO;
				DEBUG_INFORMATION_FORMAT = dwarf;
				ENABLE_STRICT_OBJC_MSGSEND = YES;
				ENABLE_TESTABILITY = YES;
				GCC_C_LANGUAGE_STANDARD = gnu11;
				GCC_DYNAMIC_NO_PIC = NO;
				GCC_NO_COMMON_BLOCKS = YES;
				GCC_OPTIMIZATION_LEVEL = 0;
				GCC_PREPROCESSOR_DEFINITIONS = (
					"DEBUG=1",
					"$(inherited)",
				);
				GCC_WARN_64_TO_32_BIT_CONVERSION = YES;
				GCC_WARN_ABOUT_RETURN_TYPE = YES_ERROR;
				GCC_WARN_UNDECLARED_SELECTOR = YES;
				GCC_WARN_UNINITIALIZED_AUTOS = YES_AGGRESSIVE;
				GCC_WARN_UNUSED_FUNCTION = YES;
				GCC_WARN_UNUSED_VARIABLE = YES;
				IPHONEOS_DEPLOYMENT_TARGET = 11.4;
				MTL_ENABLE_DEBUG_INFO = YES;
				ONLY_ACTIVE_ARCH = YES;
				SDKROOT = iphoneos;
				SWIFT_ACTIVE_COMPILATION_CONDITIONS = DEBUG;
				SWIFT_OPTIMIZATION_LEVEL = "-Onone";
			};
			name = Debug;
		};
		934B897C22680F7B009934C9 /* Release */ = {
			isa = XCBuildConfiguration;
			buildSettings = {
				ALWAYS_SEARCH_USER_PATHS = NO;
				CLANG_ANALYZER_NONNULL = YES;
				CLANG_ANALYZER_NUMBER_OBJECT_CONVERSION = YES_AGGRESSIVE;
				CLANG_CXX_LANGUAGE_STANDARD = "gnu++14";
				CLANG_CXX_LIBRARY = "libc++";
				CLANG_ENABLE_MODULES = YES;
				CLANG_ENABLE_OBJC_ARC = YES;
				CLANG_ENABLE_OBJC_WEAK = YES;
				CLANG_WARN_BLOCK_CAPTURE_AUTORELEASING = YES;
				CLANG_WARN_BOOL_CONVERSION = YES;
				CLANG_WARN_COMMA = YES;
				CLANG_WARN_CONSTANT_CONVERSION = YES;
				CLANG_WARN_DEPRECATED_OBJC_IMPLEMENTATIONS = YES;
				CLANG_WARN_DIRECT_OBJC_ISA_USAGE = YES_ERROR;
				CLANG_WARN_DOCUMENTATION_COMMENTS = YES;
				CLANG_WARN_EMPTY_BODY = YES;
				CLANG_WARN_ENUM_CONVERSION = YES;
				CLANG_WARN_INFINITE_RECURSION = YES;
				CLANG_WARN_INT_CONVERSION = YES;
				CLANG_WARN_NON_LITERAL_NULL_CONVERSION = YES;
				CLANG_WARN_OBJC_IMPLICIT_RETAIN_SELF = YES;
				CLANG_WARN_OBJC_LITERAL_CONVERSION = YES;
				CLANG_WARN_OBJC_ROOT_CLASS = YES_ERROR;
				CLANG_WARN_RANGE_LOOP_ANALYSIS = YES;
				CLANG_WARN_STRICT_PROTOTYPES = YES;
				CLANG_WARN_SUSPICIOUS_MOVE = YES;
				CLANG_WARN_UNGUARDED_AVAILABILITY = YES_AGGRESSIVE;
				CLANG_WARN_UNREACHABLE_CODE = YES;
				CLANG_WARN__DUPLICATE_METHOD_MATCH = YES;
				CODE_SIGN_IDENTITY = "iPhone Developer";
				COPY_PHASE_STRIP = NO;
				DEBUG_INFORMATION_FORMAT = "dwarf-with-dsym";
				ENABLE_NS_ASSERTIONS = NO;
				ENABLE_STRICT_OBJC_MSGSEND = YES;
				GCC_C_LANGUAGE_STANDARD = gnu11;
				GCC_NO_COMMON_BLOCKS = YES;
				GCC_WARN_64_TO_32_BIT_CONVERSION = YES;
				GCC_WARN_ABOUT_RETURN_TYPE = YES_ERROR;
				GCC_WARN_UNDECLARED_SELECTOR = YES;
				GCC_WARN_UNINITIALIZED_AUTOS = YES_AGGRESSIVE;
				GCC_WARN_UNUSED_FUNCTION = YES;
				GCC_WARN_UNUSED_VARIABLE = YES;
				IPHONEOS_DEPLOYMENT_TARGET = 11.4;
				MTL_ENABLE_DEBUG_INFO = NO;
				SDKROOT = iphoneos;
				SWIFT_COMPILATION_MODE = wholemodule;
				SWIFT_OPTIMIZATION_LEVEL = "-O";
				VALIDATE_PRODUCT = YES;
			};
			name = Release;
		};
		934B897E22680F7B009934C9 /* Debug */ = {
			isa = XCBuildConfiguration;
			buildSettings = {
				ASSETCATALOG_COMPILER_APPICON_NAME = AppIcon;
				CODE_SIGN_STYLE = Automatic;
				INFOPLIST_FILE = DemoManToManRegister/Info.plist;
				LD_RUNPATH_SEARCH_PATHS = (
					"$(inherited)",
					"@executable_path/Frameworks",
				);
				PRODUCT_BUNDLE_IDENTIFIER = DucBan.DemoManToManRegister;
				PRODUCT_NAME = "$(TARGET_NAME)";
				SWIFT_VERSION = 4.0;
				TARGETED_DEVICE_FAMILY = "1,2";
			};
			name = Debug;
		};
		934B897F22680F7B009934C9 /* Release */ = {
			isa = XCBuildConfiguration;
			buildSettings = {
				ASSETCATALOG_COMPILER_APPICON_NAME = AppIcon;
				CODE_SIGN_STYLE = Automatic;
				INFOPLIST_FILE = DemoManToManRegister/Info.plist;
				LD_RUNPATH_SEARCH_PATHS = (
					"$(inherited)",
					"@executable_path/Frameworks",
				);
				PRODUCT_BUNDLE_IDENTIFIER = DucBan.DemoManToManRegister;
				PRODUCT_NAME = "$(TARGET_NAME)";
				SWIFT_VERSION = 4.0;
				TARGETED_DEVICE_FAMILY = "1,2";
			};
			name = Release;
		};
/* End XCBuildConfiguration section */

/* Begin XCConfigurationList section */
		934B896622680F7A009934C9 /* Build configuration list for PBXProject "DemoManToManRegister" */ = {
			isa = XCConfigurationList;
			buildConfigurations = (
				934B897B22680F7B009934C9 /* Debug */,
				934B897C22680F7B009934C9 /* Release */,
			);
			defaultConfigurationIsVisible = 0;
			defaultConfigurationName = Release;
		};
		934B897D22680F7B009934C9 /* Build configuration list for PBXNativeTarget "DemoManToManRegister" */ = {
			isa = XCConfigurationList;
			buildConfigurations = (
				934B897E22680F7B009934C9 /* Debug */,
				934B897F22680F7B009934C9 /* Release */,
			);
			defaultConfigurationIsVisible = 0;
			defaultConfigurationName = Release;
		};
/* End XCConfigurationList section */
	};
	rootObject = 934B896322680F7A009934C9 /* Project object */;
}
